// !$*UTF8*$!
{
	archiveVersion = 1;
	classes = {
	};
	objectVersion = 77;
	objects = {

/* Begin PBXContainerItemProxy section */
		348ACB362D2FFE3F00AA3B14 /* PBXContainerItemProxy */ = {
			isa = PBXContainerItemProxy;
			containerPortal = 348ACB1B2D2FFE3E00AA3B14 /* Project object */;
			proxyType = 1;
			remoteGlobalIDString = 348ACB222D2FFE3E00AA3B14;
			remoteInfo = GithubUserPage;
		};
		348ACB402D2FFE3F00AA3B14 /* PBXContainerItemProxy */ = {
			isa = PBXContainerItemProxy;
			containerPortal = 348ACB1B2D2FFE3E00AA3B14 /* Project object */;
			proxyType = 1;
			remoteGlobalIDString = 348ACB222D2FFE3E00AA3B14;
			remoteInfo = GithubUserPage;
		};
/* End PBXContainerItemProxy section */

/* Begin PBXFileReference section */
		348ACB232D2FFE3E00AA3B14 /* GithubUserPage.app */ = {isa = PBXFileReference; explicitFileType = wrapper.application; includeInIndex = 0; path = GithubUserPage.app; sourceTree = BUILT_PRODUCTS_DIR; };
		348ACB352D2FFE3F00AA3B14 /* GithubUserPageTests.xctest */ = {isa = PBXFileReference; explicitFileType = wrapper.cfbundle; includeInIndex = 0; path = GithubUserPageTests.xctest; sourceTree = BUILT_PRODUCTS_DIR; };
		348ACB3F2D2FFE3F00AA3B14 /* GithubUserPageUITests.xctest */ = {isa = PBXFileReference; explicitFileType = wrapper.cfbundle; includeInIndex = 0; path = GithubUserPageUITests.xctest; sourceTree = BUILT_PRODUCTS_DIR; };
/* End PBXFileReference section */

/* Begin PBXFileSystemSynchronizedRootGroup section */
		348ACB252D2FFE3E00AA3B14 /* GithubUserPage */ = {
			isa = PBXFileSystemSynchronizedRootGroup;
			path = GithubUserPage;
			sourceTree = "<group>";
		};
		348ACB382D2FFE3F00AA3B14 /* GithubUserPageTests */ = {
			isa = PBXFileSystemSynchronizedRootGroup;
			path = GithubUserPageTests;
			sourceTree = "<group>";
		};
		348ACB422D2FFE3F00AA3B14 /* GithubUserPageUITests */ = {
			isa = PBXFileSystemSynchronizedRootGroup;
			path = GithubUserPageUITests;
			sourceTree = "<group>";
		};
/* End PBXFileSystemSynchronizedRootGroup section */

/* Begin PBXFrameworksBuildPhase section */
		348ACB202D2FFE3E00AA3B14 /* Frameworks */ = {
			isa = PBXFrameworksBuildPhase;
			buildActionMask = 2147483647;
			files = (
			);
			runOnlyForDeploymentPostprocessing = 0;
		};
		348ACB322D2FFE3F00AA3B14 /* Frameworks */ = {
			isa = PBXFrameworksBuildPhase;
			buildActionMask = 2147483647;
			files = (
			);
			runOnlyForDeploymentPostprocessing = 0;
		};
		348ACB3C2D2FFE3F00AA3B14 /* Frameworks */ = {
			isa = PBXFrameworksBuildPhase;
			buildActionMask = 2147483647;
			files = (
			);
			runOnlyForDeploymentPostprocessing = 0;
		};
/* End PBXFrameworksBuildPhase section */

/* Begin PBXGroup section */
		348ACB1A2D2FFE3E00AA3B14 = {
			isa = PBXGroup;
			children = (
				348ACB252D2FFE3E00AA3B14 /* GithubUserPage */,
				348ACB382D2FFE3F00AA3B14 /* GithubUserPageTests */,
				348ACB422D2FFE3F00AA3B14 /* GithubUserPageUITests */,
				348ACB242D2FFE3E00AA3B14 /* Products */,
			);
			sourceTree = "<group>";
		};
		348ACB242D2FFE3E00AA3B14 /* Products */ = {
			isa = PBXGroup;
			children = (
				348ACB232D2FFE3E00AA3B14 /* GithubUserPage.app */,
				348ACB352D2FFE3F00AA3B14 /* GithubUserPageTests.xctest */,
				348ACB3F2D2FFE3F00AA3B14 /* GithubUserPageUITests.xctest */,
			);
			name = Products;
			sourceTree = "<group>";
		};
/* End PBXGroup section */

/* Begin PBXNativeTarget section */
		348ACB222D2FFE3E00AA3B14 /* GithubUserPage */ = {
			isa = PBXNativeTarget;
			buildConfigurationList = 348ACB492D2FFE3F00AA3B14 /* Build configuration list for PBXNativeTarget "GithubUserPage" */;
			buildPhases = (
				348ACB1F2D2FFE3E00AA3B14 /* Sources */,
				348ACB202D2FFE3E00AA3B14 /* Frameworks */,
				348ACB212D2FFE3E00AA3B14 /* Resources */,
			);
			buildRules = (
			);
			dependencies = (
			);
			fileSystemSynchronizedGroups = (
				348ACB252D2FFE3E00AA3B14 /* GithubUserPage */,
			);
			name = GithubUserPage;
			packageProductDependencies = (
			);
			productName = GithubUserPage;
			productReference = 348ACB232D2FFE3E00AA3B14 /* GithubUserPage.app */;
			productType = "com.apple.product-type.application";
		};
		348ACB342D2FFE3F00AA3B14 /* GithubUserPageTests */ = {
			isa = PBXNativeTarget;
			buildConfigurationList = 348ACB4C2D2FFE3F00AA3B14 /* Build configuration list for PBXNativeTarget "GithubUserPageTests" */;
			buildPhases = (
				348ACB312D2FFE3F00AA3B14 /* Sources */,
				348ACB322D2FFE3F00AA3B14 /* Frameworks */,
				348ACB332D2FFE3F00AA3B14 /* Resources */,
			);
			buildRules = (
			);
			dependencies = (
				348ACB372D2FFE3F00AA3B14 /* PBXTargetDependency */,
			);
			fileSystemSynchronizedGroups = (
				348ACB382D2FFE3F00AA3B14 /* GithubUserPageTests */,
			);
			name = GithubUserPageTests;
			packageProductDependencies = (
			);
			productName = GithubUserPageTests;
			productReference = 348ACB352D2FFE3F00AA3B14 /* GithubUserPageTests.xctest */;
			productType = "com.apple.product-type.bundle.unit-test";
		};
		348ACB3E2D2FFE3F00AA3B14 /* GithubUserPageUITests */ = {
			isa = PBXNativeTarget;
			buildConfigurationList = 348ACB4F2D2FFE3F00AA3B14 /* Build configuration list for PBXNativeTarget "GithubUserPageUITests" */;
			buildPhases = (
				348ACB3B2D2FFE3F00AA3B14 /* Sources */,
				348ACB3C2D2FFE3F00AA3B14 /* Frameworks */,
				348ACB3D2D2FFE3F00AA3B14 /* Resources */,
			);
			buildRules = (
			);
			dependencies = (
				348ACB412D2FFE3F00AA3B14 /* PBXTargetDependency */,
			);
			fileSystemSynchronizedGroups = (
				348ACB422D2FFE3F00AA3B14 /* GithubUserPageUITests */,
			);
			name = GithubUserPageUITests;
			packageProductDependencies = (
			);
			productName = GithubUserPageUITests;
			productReference = 348ACB3F2D2FFE3F00AA3B14 /* GithubUserPageUITests.xctest */;
			productType = "com.apple.product-type.bundle.ui-testing";
		};
/* End PBXNativeTarget section */

/* Begin PBXProject section */
		348ACB1B2D2FFE3E00AA3B14 /* Project object */ = {
			isa = PBXProject;
			attributes = {
				BuildIndependentTargetsInParallel = 1;
				LastSwiftUpdateCheck = 1600;
				LastUpgradeCheck = 1600;
				TargetAttributes = {
					348ACB222D2FFE3E00AA3B14 = {
						CreatedOnToolsVersion = 16.0;
					};
					348ACB342D2FFE3F00AA3B14 = {
						CreatedOnToolsVersion = 16.0;
						TestTargetID = 348ACB222D2FFE3E00AA3B14;
					};
					348ACB3E2D2FFE3F00AA3B14 = {
						CreatedOnToolsVersion = 16.0;
						TestTargetID = 348ACB222D2FFE3E00AA3B14;
					};
				};
			};
			buildConfigurationList = 348ACB1E2D2FFE3E00AA3B14 /* Build configuration list for PBXProject "GithubUserPage" */;
			developmentRegion = en;
			hasScannedForEncodings = 0;
			knownRegions = (
				en,
				Base,
			);
			mainGroup = 348ACB1A2D2FFE3E00AA3B14;
			minimizedProjectReferenceProxies = 1;
			preferredProjectObjectVersion = 77;
			productRefGroup = 348ACB242D2FFE3E00AA3B14 /* Products */;
			projectDirPath = "";
			projectRoot = "";
			targets = (
				348ACB222D2FFE3E00AA3B14 /* GithubUserPage */,
				348ACB342D2FFE3F00AA3B14 /* GithubUserPageTests */,
				348ACB3E2D2FFE3F00AA3B14 /* GithubUserPageUITests */,
			);
		};
/* End PBXProject section */

/* Begin PBXResourcesBuildPhase section */
		348ACB212D2FFE3E00AA3B14 /* Resources */ = {
			isa = PBXResourcesBuildPhase;
			buildActionMask = 2147483647;
			files = (
			);
			runOnlyForDeploymentPostprocessing = 0;
		};
		348ACB332D2FFE3F00AA3B14 /* Resources */ = {
			isa = PBXResourcesBuildPhase;
			buildActionMask = 2147483647;
			files = (
			);
			runOnlyForDeploymentPostprocessing = 0;
		};
		348ACB3D2D2FFE3F00AA3B14 /* Resources */ = {
			isa = PBXResourcesBuildPhase;
			buildActionMask = 2147483647;
			files = (
			);
			runOnlyForDeploymentPostprocessing = 0;
		};
/* End PBXResourcesBuildPhase section */

/* Begin PBXSourcesBuildPhase section */
		348ACB1F2D2FFE3E00AA3B14 /* Sources */ = {
			isa = PBXSourcesBuildPhase;
			buildActionMask = 2147483647;
			files = (
			);
			runOnlyForDeploymentPostprocessing = 0;
		};
		348ACB312D2FFE3F00AA3B14 /* Sources */ = {
			isa = PBXSourcesBuildPhase;
			buildActionMask = 2147483647;
			files = (
			);
			runOnlyForDeploymentPostprocessing = 0;
		};
		348ACB3B2D2FFE3F00AA3B14 /* Sources */ = {
			isa = PBXSourcesBuildPhase;
			buildActionMask = 2147483647;
			files = (
			);
			runOnlyForDeploymentPostprocessing = 0;
		};
/* End PBXSourcesBuildPhase section */

/* Begin PBXTargetDependency section */
		348ACB372D2FFE3F00AA3B14 /* PBXTargetDependency */ = {
			isa = PBXTargetDependency;
			target = 348ACB222D2FFE3E00AA3B14 /* GithubUserPage */;
			targetProxy = 348ACB362D2FFE3F00AA3B14 /* PBXContainerItemProxy */;
		};
		348ACB412D2FFE3F00AA3B14 /* PBXTargetDependency */ = {
			isa = PBXTargetDependency;
			target = 348ACB222D2FFE3E00AA3B14 /* GithubUserPage */;
			targetProxy = 348ACB402D2FFE3F00AA3B14 /* PBXContainerItemProxy */;
		};
/* End PBXTargetDependency section */

/* Begin XCBuildConfiguration section */
		348ACB472D2FFE3F00AA3B14 /* Debug */ = {
			isa = XCBuildConfiguration;
			buildSettings = {
				ALWAYS_SEARCH_USER_PATHS = NO;
				ASSETCATALOG_COMPILER_GENERATE_SWIFT_ASSET_SYMBOL_EXTENSIONS = YES;
				CLANG_ANALYZER_NONNULL = YES;
				CLANG_ANALYZER_NUMBER_OBJECT_CONVERSION = YES_AGGRESSIVE;
				CLANG_CXX_LANGUAGE_STANDARD = "gnu++20";
				CLANG_ENABLE_MODULES = YES;
				CLANG_ENABLE_OBJC_ARC = YES;
				CLANG_ENABLE_OBJC_WEAK = YES;
				CLANG_WARN_BLOCK_CAPTURE_AUTORELEASING = YES;
				CLANG_WARN_BOOL_CONVERSION = YES;
				CLANG_WARN_COMMA = YES;
				CLANG_WARN_CONSTANT_CONVERSION = YES;
				CLANG_WARN_DEPRECATED_OBJC_IMPLEMENTATIONS = YES;
				CLANG_WARN_DIRECT_OBJC_ISA_USAGE = YES_ERROR;
				CLANG_WARN_DOCUMENTATION_COMMENTS = YES;
				CLANG_WARN_EMPTY_BODY = YES;
				CLANG_WARN_ENUM_CONVERSION = YES;
				CLANG_WARN_INFINITE_RECURSION = YES;
				CLANG_WARN_INT_CONVERSION = YES;
				CLANG_WARN_NON_LITERAL_NULL_CONVERSION = YES;
				CLANG_WARN_OBJC_IMPLICIT_RETAIN_SELF = YES;
				CLANG_WARN_OBJC_LITERAL_CONVERSION = YES;
				CLANG_WARN_OBJC_ROOT_CLASS = YES_ERROR;
				CLANG_WARN_QUOTED_INCLUDE_IN_FRAMEWORK_HEADER = YES;
				CLANG_WARN_RANGE_LOOP_ANALYSIS = YES;
				CLANG_WARN_STRICT_PROTOTYPES = YES;
				CLANG_WARN_SUSPICIOUS_MOVE = YES;
				CLANG_WARN_UNGUARDED_AVAILABILITY = YES_AGGRESSIVE;
				CLANG_WARN_UNREACHABLE_CODE = YES;
				CLANG_WARN__DUPLICATE_METHOD_MATCH = YES;
				COPY_PHASE_STRIP = NO;
				DEBUG_INFORMATION_FORMAT = dwarf;
				ENABLE_STRICT_OBJC_MSGSEND = YES;
				ENABLE_TESTABILITY = YES;
				ENABLE_USER_SCRIPT_SANDBOXING = YES;
				GCC_C_LANGUAGE_STANDARD = gnu17;
				GCC_DYNAMIC_NO_PIC = NO;
				GCC_NO_COMMON_BLOCKS = YES;
				GCC_OPTIMIZATION_LEVEL = 0;
				GCC_PREPROCESSOR_DEFINITIONS = (
					"DEBUG=1",
					"$(inherited)",
				);
				GCC_WARN_64_TO_32_BIT_CONVERSION = YES;
				GCC_WARN_ABOUT_RETURN_TYPE = YES_ERROR;
				GCC_WARN_UNDECLARED_SELECTOR = YES;
				GCC_WARN_UNINITIALIZED_AUTOS = YES_AGGRESSIVE;
				GCC_WARN_UNUSED_FUNCTION = YES;
				GCC_WARN_UNUSED_VARIABLE = YES;
				IPHONEOS_DEPLOYMENT_TARGET = 18.0;
				LOCALIZATION_PREFERS_STRING_CATALOGS = YES;
				MTL_ENABLE_DEBUG_INFO = INCLUDE_SOURCE;
				MTL_FAST_MATH = YES;
				ONLY_ACTIVE_ARCH = YES;
				SDKROOT = iphoneos;
				SWIFT_ACTIVE_COMPILATION_CONDITIONS = "DEBUG $(inherited)";
				SWIFT_OPTIMIZATION_LEVEL = "-Onone";
			};
			name = Debug;
		};
		348ACB482D2FFE3F00AA3B14 /* Release */ = {
			isa = XCBuildConfiguration;
			buildSettings = {
				ALWAYS_SEARCH_USER_PATHS = NO;
				ASSETCATALOG_COMPILER_GENERATE_SWIFT_ASSET_SYMBOL_EXTENSIONS = YES;
				CLANG_ANALYZER_NONNULL = YES;
				CLANG_ANALYZER_NUMBER_OBJECT_CONVERSION = YES_AGGRESSIVE;
				CLANG_CXX_LANGUAGE_STANDARD = "gnu++20";
				CLANG_ENABLE_MODULES = YES;
				CLANG_ENABLE_OBJC_ARC = YES;
				CLANG_ENABLE_OBJC_WEAK = YES;
				CLANG_WARN_BLOCK_CAPTURE_AUTORELEASING = YES;
				CLANG_WARN_BOOL_CONVERSION = YES;
				CLANG_WARN_COMMA = YES;
				CLANG_WARN_CONSTANT_CONVERSION = YES;
				CLANG_WARN_DEPRECATED_OBJC_IMPLEMENTATIONS = YES;
				CLANG_WARN_DIRECT_OBJC_ISA_USAGE = YES_ERROR;
				CLANG_WARN_DOCUMENTATION_COMMENTS = YES;
				CLANG_WARN_EMPTY_BODY = YES;
				CLANG_WARN_ENUM_CONVERSION = YES;
				CLANG_WARN_INFINITE_RECURSION = YES;
				CLANG_WARN_INT_CONVERSION = YES;
				CLANG_WARN_NON_LITERAL_NULL_CONVERSION = YES;
				CLANG_WARN_OBJC_IMPLICIT_RETAIN_SELF = YES;
				CLANG_WARN_OBJC_LITERAL_CONVERSION = YES;
				CLANG_WARN_OBJC_ROOT_CLASS = YES_ERROR;
				CLANG_WARN_QUOTED_INCLUDE_IN_FRAMEWORK_HEADER = YES;
				CLANG_WARN_RANGE_LOOP_ANALYSIS = YES;
				CLANG_WARN_STRICT_PROTOTYPES = YES;
				CLANG_WARN_SUSPICIOUS_MOVE = YES;
				CLANG_WARN_UNGUARDED_AVAILABILITY = YES_AGGRESSIVE;
				CLANG_WARN_UNREACHABLE_CODE = YES;
				CLANG_WARN__DUPLICATE_METHOD_MATCH = YES;
				COPY_PHASE_STRIP = NO;
				DEBUG_INFORMATION_FORMAT = "dwarf-with-dsym";
				ENABLE_NS_ASSERTIONS = NO;
				ENABLE_STRICT_OBJC_MSGSEND = YES;
				ENABLE_USER_SCRIPT_SANDBOXING = YES;
				GCC_C_LANGUAGE_STANDARD = gnu17;
				GCC_NO_COMMON_BLOCKS = YES;
				GCC_WARN_64_TO_32_BIT_CONVERSION = YES;
				GCC_WARN_ABOUT_RETURN_TYPE = YES_ERROR;
				GCC_WARN_UNDECLARED_SELECTOR = YES;
				GCC_WARN_UNINITIALIZED_AUTOS = YES_AGGRESSIVE;
				GCC_WARN_UNUSED_FUNCTION = YES;
				GCC_WARN_UNUSED_VARIABLE = YES;
				IPHONEOS_DEPLOYMENT_TARGET = 18.0;
				LOCALIZATION_PREFERS_STRING_CATALOGS = YES;
				MTL_ENABLE_DEBUG_INFO = NO;
				MTL_FAST_MATH = YES;
				SDKROOT = iphoneos;
				SWIFT_COMPILATION_MODE = wholemodule;
				VALIDATE_PRODUCT = YES;
			};
			name = Release;
		};
		348ACB4A2D2FFE3F00AA3B14 /* Debug */ = {
			isa = XCBuildConfiguration;
			buildSettings = {
				ASSETCATALOG_COMPILER_APPICON_NAME = AppIcon;
				ASSETCATALOG_COMPILER_GLOBAL_ACCENT_COLOR_NAME = AccentColor;
				CODE_SIGN_STYLE = Automatic;
				CURRENT_PROJECT_VERSION = 1;
				DEVELOPMENT_ASSET_PATHS = "\"GithubUserPage/Preview Content\"";
				ENABLE_PREVIEWS = YES;
				GENERATE_INFOPLIST_FILE = YES;
				INFOPLIST_KEY_UIApplicationSceneManifest_Generation = YES;
				INFOPLIST_KEY_UIApplicationSupportsIndirectInputEvents = YES;
				INFOPLIST_KEY_UILaunchScreen_Generation = YES;
				INFOPLIST_KEY_UISupportedInterfaceOrientations_iPad = "UIInterfaceOrientationPortrait UIInterfaceOrientationPortraitUpsideDown UIInterfaceOrientationLandscapeLeft UIInterfaceOrientationLandscapeRight";
				INFOPLIST_KEY_UISupportedInterfaceOrientations_iPhone = "UIInterfaceOrientationPortrait UIInterfaceOrientationLandscapeLeft UIInterfaceOrientationLandscapeRight";
				LD_RUNPATH_SEARCH_PATHS = (
					"$(inherited)",
					"@executable_path/Frameworks",
				);
				MARKETING_VERSION = 1.0;
				PRODUCT_BUNDLE_IDENTIFIER = chinhquang.GithubUserPage;
				PRODUCT_NAME = "$(TARGET_NAME)";
				SWIFT_EMIT_LOC_STRINGS = YES;
				SWIFT_VERSION = 5.0;
				TARGETED_DEVICE_FAMILY = "1,2";
			};
			name = Debug;
		};
		348ACB4B2D2FFE3F00AA3B14 /* Release */ = {
			isa = XCBuildConfiguration;
			buildSettings = {
				ASSETCATALOG_COMPILER_APPICON_NAME = AppIcon;
				ASSETCATALOG_COMPILER_GLOBAL_ACCENT_COLOR_NAME = AccentColor;
				CODE_SIGN_STYLE = Automatic;
				CURRENT_PROJECT_VERSION = 1;
				DEVELOPMENT_ASSET_PATHS = "\"GithubUserPage/Preview Content\"";
				ENABLE_PREVIEWS = YES;
				GENERATE_INFOPLIST_FILE = YES;
				INFOPLIST_KEY_UIApplicationSceneManifest_Generation = YES;
				INFOPLIST_KEY_UIApplicationSupportsIndirectInputEvents = YES;
				INFOPLIST_KEY_UILaunchScreen_Generation = YES;
				INFOPLIST_KEY_UISupportedInterfaceOrientations_iPad = "UIInterfaceOrientationPortrait UIInterfaceOrientationPortraitUpsideDown UIInterfaceOrientationLandscapeLeft UIInterfaceOrientationLandscapeRight";
				INFOPLIST_KEY_UISupportedInterfaceOrientations_iPhone = "UIInterfaceOrientationPortrait UIInterfaceOrientationLandscapeLeft UIInterfaceOrientationLandscapeRight";
				LD_RUNPATH_SEARCH_PATHS = (
					"$(inherited)",
					"@executable_path/Frameworks",
				);
				MARKETING_VERSION = 1.0;
				PRODUCT_BUNDLE_IDENTIFIER = chinhquang.GithubUserPage;
				PRODUCT_NAME = "$(TARGET_NAME)";
				SWIFT_EMIT_LOC_STRINGS = YES;
				SWIFT_VERSION = 5.0;
				TARGETED_DEVICE_FAMILY = "1,2";
			};
			name = Release;
		};
		348ACB4D2D2FFE3F00AA3B14 /* Debug */ = {
			isa = XCBuildConfiguration;
			buildSettings = {
				BUNDLE_LOADER = "$(TEST_HOST)";
				CODE_SIGN_STYLE = Automatic;
				CURRENT_PROJECT_VERSION = 1;
				GENERATE_INFOPLIST_FILE = YES;
				IPHONEOS_DEPLOYMENT_TARGET = 18.0;
				MARKETING_VERSION = 1.0;
				PRODUCT_BUNDLE_IDENTIFIER = chinhquang.GithubUserPageTests;
				PRODUCT_NAME = "$(TARGET_NAME)";
				SWIFT_EMIT_LOC_STRINGS = NO;
				SWIFT_VERSION = 5.0;
				TARGETED_DEVICE_FAMILY = "1,2";
				TEST_HOST = "$(BUILT_PRODUCTS_DIR)/GithubUserPage.app/$(BUNDLE_EXECUTABLE_FOLDER_PATH)/GithubUserPage";
			};
			name = Debug;
		};
		348ACB4E2D2FFE3F00AA3B14 /* Release */ = {
			isa = XCBuildConfiguration;
			buildSettings = {
				BUNDLE_LOADER = "$(TEST_HOST)";
				CODE_SIGN_STYLE = Automatic;
				CURRENT_PROJECT_VERSION = 1;
				GENERATE_INFOPLIST_FILE = YES;
				IPHONEOS_DEPLOYMENT_TARGET = 18.0;
				MARKETING_VERSION = 1.0;
				PRODUCT_BUNDLE_IDENTIFIER = chinhquang.GithubUserPageTests;
				PRODUCT_NAME = "$(TARGET_NAME)";
				SWIFT_EMIT_LOC_STRINGS = NO;
				SWIFT_VERSION = 5.0;
				TARGETED_DEVICE_FAMILY = "1,2";
				TEST_HOST = "$(BUILT_PRODUCTS_DIR)/GithubUserPage.app/$(BUNDLE_EXECUTABLE_FOLDER_PATH)/GithubUserPage";
			};
			name = Release;
		};
		348ACB502D2FFE3F00AA3B14 /* Debug */ = {
			isa = XCBuildConfiguration;
			buildSettings = {
				CODE_SIGN_STYLE = Automatic;
				CURRENT_PROJECT_VERSION = 1;
				GENERATE_INFOPLIST_FILE = YES;
				MARKETING_VERSION = 1.0;
				PRODUCT_BUNDLE_IDENTIFIER = chinhquang.GithubUserPageUITests;
				PRODUCT_NAME = "$(TARGET_NAME)";
				SWIFT_EMIT_LOC_STRINGS = NO;
				SWIFT_VERSION = 5.0;
				TARGETED_DEVICE_FAMILY = "1,2";
				TEST_TARGET_NAME = GithubUserPage;
			};
			name = Debug;
		};
		348ACB512D2FFE3F00AA3B14 /* Release */ = {
			isa = XCBuildConfiguration;
			buildSettings = {
				CODE_SIGN_STYLE = Automatic;
				CURRENT_PROJECT_VERSION = 1;
				GENERATE_INFOPLIST_FILE = YES;
				MARKETING_VERSION = 1.0;
				PRODUCT_BUNDLE_IDENTIFIER = chinhquang.GithubUserPageUITests;
				PRODUCT_NAME = "$(TARGET_NAME)";
				SWIFT_EMIT_LOC_STRINGS = NO;
				SWIFT_VERSION = 5.0;
				TARGETED_DEVICE_FAMILY = "1,2";
				TEST_TARGET_NAME = GithubUserPage;
			};
			name = Release;
		};
/* End XCBuildConfiguration section */

/* Begin XCConfigurationList section */
		348ACB1E2D2FFE3E00AA3B14 /* Build configuration list for PBXProject "GithubUserPage" */ = {
			isa = XCConfigurationList;
			buildConfigurations = (
				348ACB472D2FFE3F00AA3B14 /* Debug */,
				348ACB482D2FFE3F00AA3B14 /* Release */,
			);
			defaultConfigurationIsVisible = 0;
			defaultConfigurationName = Release;
		};
		348ACB492D2FFE3F00AA3B14 /* Build configuration list for PBXNativeTarget "GithubUserPage" */ = {
			isa = XCConfigurationList;
			buildConfigurations = (
				348ACB4A2D2FFE3F00AA3B14 /* Debug */,
				348ACB4B2D2FFE3F00AA3B14 /* Release */,
			);
			defaultConfigurationIsVisible = 0;
			defaultConfigurationName = Release;
		};
		348ACB4C2D2FFE3F00AA3B14 /* Build configuration list for PBXNativeTarget "GithubUserPageTests" */ = {
			isa = XCConfigurationList;
			buildConfigurations = (
				348ACB4D2D2FFE3F00AA3B14 /* Debug */,
				348ACB4E2D2FFE3F00AA3B14 /* Release */,
			);
			defaultConfigurationIsVisible = 0;
			defaultConfigurationName = Release;
		};
		348ACB4F2D2FFE3F00AA3B14 /* Build configuration list for PBXNativeTarget "GithubUserPageUITests" */ = {
			isa = XCConfigurationList;
			buildConfigurations = (
				348ACB502D2FFE3F00AA3B14 /* Debug */,
				348ACB512D2FFE3F00AA3B14 /* Release */,
			);
			defaultConfigurationIsVisible = 0;
			defaultConfigurationName = Release;
		};
/* End XCConfigurationList section */
	};
	rootObject = 348ACB1B2D2FFE3E00AA3B14 /* Project object */;
}
